{
	"name": "pepicons.com",
	"version": "0.0.0",
	"lockfileVersion": 1,
	"requires": true,
	"dependencies": {
		"@quasar/extras": {
			"version": "1.8.2",
			"resolved": "https://registry.npmjs.org/@quasar/extras/-/extras-1.8.2.tgz",
			"integrity": "sha512-y3A4OO4DGDxuFyh/X4k5fS17TTxhpPauZv8Qr/0bso+RTk5f+3X4lLAcP7aaiqcBLOV8HsUKpGzNArMleClYgg=="
		},
		"@types/json-schema": {
			"version": "7.0.5",
			"resolved": "https://registry.npmjs.org/@types/json-schema/-/json-schema-7.0.5.tgz",
			"integrity": "sha512-7+2BITlgjgDhH0vvwZU/HZJVyk+2XUlvxXe8dFMedNX/aMkaOq++rMAFXc0tM7ij15QaWlbdQASBR9dihi+bDQ=="
		},
		"@vue/composition-api": {
			"version": "0.6.7",
			"resolved": "https://registry.npmjs.org/@vue/composition-api/-/composition-api-0.6.7.tgz",
			"integrity": "sha512-WAWEQK4urEsMNe3OyOp7VnMmegRZT2yRB3fDGLRXPMdfuo4+nM+uMEhUgDiUg9LFSXfLWhjwuFOJ2hnS2X7AUw==",
			"requires": {
				"tslib": "^2.0.0"
			}
		},
		"ajv": {
			"version": "6.12.2",
			"resolved": "https://registry.npmjs.org/ajv/-/ajv-6.12.2.tgz",
			"integrity": "sha512-k+V+hzjm5q/Mr8ef/1Y9goCmlsK4I6Sm74teeyGvFk1XrOsbsKLjEdrvny42CZ+a8sXbk8KWpY/bDwS+FLL2UQ==",
			"requires": {
				"fast-deep-equal": "^3.1.1",
				"fast-json-stable-stringify": "^2.0.0",
				"json-schema-traverse": "^0.4.1",
				"uri-js": "^4.2.2"
			}
		},
		"ajv-keywords": {
			"version": "3.5.0",
			"resolved": "https://registry.npmjs.org/ajv-keywords/-/ajv-keywords-3.5.0.tgz",
			"integrity": "sha512-eyoaac3btgU8eJlvh01En8OCKzRqlLe2G5jDsCr3RiE2uLGMEEB1aaGwVVpwR8M95956tGH6R+9edC++OvzaVw=="
		},
		"big.js": {
			"version": "5.2.2",
			"resolved": "https://registry.npmjs.org/big.js/-/big.js-5.2.2.tgz",
			"integrity": "sha512-vyL2OymJxmarO8gxMr0mhChsO9QGwhynfuu4+MHTAW6czfq9humCB7rKpUjDd9YUiDPU4mzpyupFSvOClAwbmQ=="
		},
		"core-js": {
			"version": "3.6.5",
			"resolved": "https://registry.npmjs.org/core-js/-/core-js-3.6.5.tgz",
			"integrity": "sha512-vZVEEwZoIsI+vPEuoF9Iqf5H7/M3eeQqWlQnYa8FSKKePuYTf5MWnxb5SDAzCa60b3JBRS5g9b+Dq7b1y/RCrA=="
		},
		"emojis-list": {
			"version": "3.0.0",
			"resolved": "https://registry.npmjs.org/emojis-list/-/emojis-list-3.0.0.tgz",
			"integrity": "sha512-/kyM18EfinwXZbno9FyUGeFh87KC8HRQBQGildHZbEuRyWFOmv1U10o9BBp8XVZDVNNuQKyIGIu5ZYAAXJ0V2Q=="
		},
		"fast-deep-equal": {
			"version": "3.1.3",
			"resolved": "https://registry.npmjs.org/fast-deep-equal/-/fast-deep-equal-3.1.3.tgz",
			"integrity": "sha512-f3qQ9oQy9j2AhBe/H9VC91wLmKBCCU/gDOnKNAYG5hswO7BLKj09Hc5HYNz9cGI++xlpDCIgDaitVs03ATR84Q=="
		},
		"fast-json-stable-stringify": {
			"version": "2.1.0",
			"resolved": "https://registry.npmjs.org/fast-json-stable-stringify/-/fast-json-stable-stringify-2.1.0.tgz",
			"integrity": "sha512-lhd/wF+Lk98HZoTCtlVraHtfh5XYijIjalXck7saUtuanSDyLMxnHhSXEDJqHxD7msR8D0uCmqlkwjCV8xvwHw=="
		},
		"json-schema-traverse": {
			"version": "0.4.1",
			"resolved": "https://registry.npmjs.org/json-schema-traverse/-/json-schema-traverse-0.4.1.tgz",
			"integrity": "sha512-xbbCH5dCYU5T8LcEhhuh7HJ88HXuW3qsI3Y0zOZFKfZEHcpWiHU/Jxzk629Brsab/mMiHQti9wMP+845RPe3Vg=="
		},
		"json5": {
			"version": "2.1.3",
			"resolved": "https://registry.npmjs.org/json5/-/json5-2.1.3.tgz",
			"integrity": "sha512-KXPvOm8K9IJKFM0bmdn8QXh7udDh1g/giieX0NLCaMnb4hEiVFqnop2ImTXCc5e0/oHz3LTqmHGtExn5hfMkOA==",
			"requires": {
				"minimist": "^1.2.5"
			}
		},
		"loader-utils": {
			"version": "2.0.0",
			"resolved": "https://registry.npmjs.org/loader-utils/-/loader-utils-2.0.0.tgz",
			"integrity": "sha512-rP4F0h2RaWSvPEkD7BLDFQnvSf+nK+wr3ESUjNTyAGobqrijmW92zc+SO6d4p4B1wh7+B/Jg1mkQe5NYUEHtHQ==",
			"requires": {
				"big.js": "^5.2.2",
				"emojis-list": "^3.0.0",
				"json5": "^2.1.2"
			}
		},
		"minimist": {
			"version": "1.2.5",
			"resolved": "https://registry.npmjs.org/minimist/-/minimist-1.2.5.tgz",
			"integrity": "sha512-FM9nNUYrRBAELZQT3xeZQ7fmMOBg6nWNmJKTcgsJeaLstP/UODVpGsr5OhXhhXg6f+qtJ8uiZ+PUxkDWcgIXLw=="
		},
		"punycode": {
			"version": "2.1.1",
			"resolved": "https://registry.npmjs.org/punycode/-/punycode-2.1.1.tgz",
			"integrity": "sha512-XRsRjdf+j5ml+y/6GKHPZbrF/8p2Yga0JPtdqTIY2Xe5ohJPD9saDJJLPvp9+NSBprVvevdXZybnj2cv8OEd0A=="
		},
		"quasar": {
			"version": "1.12.8",
			"resolved": "https://registry.npmjs.org/quasar/-/quasar-1.12.8.tgz",
			"integrity": "sha512-IUcug03OuYSiNiggksQzS8MNorQxR6QJTiuDHsMPLRS63BUBmI8YYq+xADkZm2E2z2xwS1SnyDbX8ceU+shYXQ=="
		},
		"raw-loader": {
			"version": "4.0.1",
			"resolved": "https://registry.npmjs.org/raw-loader/-/raw-loader-4.0.1.tgz",
			"integrity": "sha512-baolhQBSi3iNh1cglJjA0mYzga+wePk7vdEX//1dTFd+v4TsQlQE0jitJSNF1OIP82rdYulH7otaVmdlDaJ64A==",
			"requires": {
				"loader-utils": "^2.0.0",
				"schema-utils": "^2.6.5"
			}
		},
		"schema-utils": {
			"version": "2.7.0",
			"resolved": "https://registry.npmjs.org/schema-utils/-/schema-utils-2.7.0.tgz",
			"integrity": "sha512-0ilKFI6QQF5nxDZLFn2dMjvc4hjg/Wkg7rHd3jK6/A4a1Hl9VFdQWvgB1UMGoU94pad1P/8N7fMcEnLnSiju8A==",
			"requires": {
				"@types/json-schema": "^7.0.4",
				"ajv": "^6.12.2",
				"ajv-keywords": "^3.4.1"
			}
		},
		"tslib": {
			"version": "2.0.0",
			"resolved": "https://registry.npmjs.org/tslib/-/tslib-2.0.0.tgz",
			"integrity": "sha512-lTqkx847PI7xEDYJntxZH89L2/aXInsyF2luSafe/+0fHOMjlBNXdH6th7f70qxLDhul7KZK0zC8V5ZIyHl0/g=="
		},
		"uri-js": {
			"version": "4.2.2",
			"resolved": "https://registry.npmjs.org/uri-js/-/uri-js-4.2.2.tgz",
			"integrity": "sha512-KY9Frmirql91X2Qgjry0Wd4Y+YTdrdZheS8TFwvkbLWf/G5KNJDCh6pKL5OZctEW4+0Baa5idK2ZQuELRwPznQ==",
			"requires": {
				"punycode": "^2.1.0"
			}
		}
	}
}
