{
	"name": "pepicons.com",
	"version": "0.0.0",
	"lockfileVersion": 1,
	"requires": true,
	"dependencies": {
		"@babel/helper-validator-identifier": {
			"version": "7.10.4",
			"resolved": "https://registry.npmjs.org/@babel/helper-validator-identifier/-/helper-validator-identifier-7.10.4.tgz",
			"integrity": "sha512-3U9y+43hz7ZM+rzG24Qe2mufW5KhvFg/NhnNph+i9mgCtdTCtMJuI1TMkrIUiK7Ix4PYlRF9I5dhqaLYA/ADXw=="
		},
		"@babel/parser": {
			"version": "7.10.5",
			"resolved": "https://registry.npmjs.org/@babel/parser/-/parser-7.10.5.tgz",
			"integrity": "sha512-wfryxy4bE1UivvQKSQDU4/X6dr+i8bctjUjj8Zyt3DQy7NtPizJXT8M52nqpNKL+nq2PW8lxk4ZqLj0fD4B4hQ=="
		},
		"@babel/types": {
			"version": "7.10.5",
			"resolved": "https://registry.npmjs.org/@babel/types/-/types-7.10.5.tgz",
			"integrity": "sha512-ixV66KWfCI6GKoA/2H9v6bQdbfXEwwpOdQ8cRvb4F+eyvhlaHxWFMQB4+3d9QFJXZsiiiqVrewNV0DFEQpyT4Q==",
			"requires": {
				"@babel/helper-validator-identifier": "^7.10.4",
				"lodash": "^4.17.19",
				"to-fast-properties": "^2.0.0"
			}
		},
		"@planetar/api-card": {
			"version": "0.1.18",
			"resolved": "https://registry.npmjs.org/@planetar/api-card/-/api-card-0.1.18.tgz",
			"integrity": "sha512-gZkyR09VR93dqHhJK3efK6zJqpT0e1eOghf3liClo31UizkqMOpX164GSRFm9+6X52RVQWmp6tYNduViFwJKHw==",
			"requires": {
				"@planetar/atoms": "^0.0.6",
				"@planetar/styles": "^0.0.3",
				"@planetar/utils": "^0.0.4",
				"case-anything": "^1.1.1",
				"fast-sort": "^2.2.0",
				"is-what": "^3.10.0",
				"json5": "^2.1.3",
				"map-anything": "0.0.1",
				"merge-anything": "^3.0.3",
				"quasar": "^1.12.10",
				"quasar-ui-easy-forms": "^2.3.4"
			},
			"dependencies": {
				"quasar": {
					"version": "1.12.12",
					"resolved": "https://registry.npmjs.org/quasar/-/quasar-1.12.12.tgz",
					"integrity": "sha512-5q+sHCmfaCDqlFRyaZGKUjOHxxiYnlH8RUlr5yfIsAbvv7BZhTJAjZf4MuvdxqI8DBt4G8CAzHdUhaKlhVTIBQ=="
				}
			}
		},
		"@planetar/atoms": {
			"version": "0.0.6",
			"resolved": "https://registry.npmjs.org/@planetar/atoms/-/atoms-0.0.6.tgz",
			"integrity": "sha512-kqR5MatqZ3jnJ782rOVYVOWNHi/eVt/Dd9P5BsWM39tyUQm3lzRUdGbm4D3CbHjUJ4O7PVsOdDdQ5+Kb9t6wvQ==",
			"requires": {
				"@planetar/styles": "^0.0.3",
				"quasar": "^1.12.10"
			},
			"dependencies": {
				"quasar": {
					"version": "1.12.12",
					"resolved": "https://registry.npmjs.org/quasar/-/quasar-1.12.12.tgz",
					"integrity": "sha512-5q+sHCmfaCDqlFRyaZGKUjOHxxiYnlH8RUlr5yfIsAbvv7BZhTJAjZf4MuvdxqI8DBt4G8CAzHdUhaKlhVTIBQ=="
				}
			}
		},
		"@planetar/component-gallery": {
			"version": "0.0.12",
			"resolved": "https://registry.npmjs.org/@planetar/component-gallery/-/component-gallery-0.0.12.tgz",
			"integrity": "sha512-5wtAK2a0wCrpNY7hfiwzxe+rI3eoPRsuEKeH5T7BqEjar4mqNIcB5BshP3L6SbrZpKUzzolq5JF7J464+jzAjg==",
			"requires": {
				"@planetar/api-card": "^0.1.18",
				"@planetar/example-card": "^0.1.13",
				"@planetar/styles": "^0.0.3"
			}
		},
		"@planetar/example-card": {
			"version": "0.1.13",
			"resolved": "https://registry.npmjs.org/@planetar/example-card/-/example-card-0.1.13.tgz",
			"integrity": "sha512-yfXArZdX4aZDWhwXL0RWrfMDgIldxUw8woWDSRbkTbk6pg5OK+xYYcHjl7DbGtHEgHKZNOPUUeTHfohKvVjIaA==",
			"requires": {
				"@planetar/atoms": "^0.0.6",
				"@planetar/styles": "^0.0.3",
				"@planetar/utils": "^0.0.4",
				"case-anything": "^1.1.1",
				"prismjs": "^1.20.0",
				"snarkdown": "github:mesqueeb/snarkdown#dist"
			},
			"dependencies": {
				"snarkdown": {
					"version": "github:mesqueeb/snarkdown#18c1f0f409ef4debaff63f6836b9c23aa7278ddc",
					"from": "github:mesqueeb/snarkdown#dist"
				}
			}
		},
		"@planetar/styles": {
			"version": "0.0.3",
			"resolved": "https://registry.npmjs.org/@planetar/styles/-/styles-0.0.3.tgz",
			"integrity": "sha512-knEemriSs7CF2oN/GQnMTN33e+EryLDTBxFIX8TGdFbm9ykOccTtosMy/G9NpWkGL/PIsPvXrXA8tMZiKm4apw=="
		},
		"@planetar/utils": {
			"version": "0.0.4",
			"resolved": "https://registry.npmjs.org/@planetar/utils/-/utils-0.0.4.tgz",
			"integrity": "sha512-WFPOdaHGMR/uAzfJJlguurKfXZrKKH8LdnCXPIDqJLzhnODXPwsOUvN6dmuCjDZJ8p16qsav/pmp/I/iRsRiZQ==",
			"requires": {
				"@planetar/vue-simple-docgen-loader": "^0.1.4",
				"raw-loader": "^4.0.1"
			}
		},
		"@planetar/vue-simple-docgen-loader": {
			"version": "0.1.4",
			"resolved": "https://registry.npmjs.org/@planetar/vue-simple-docgen-loader/-/vue-simple-docgen-loader-0.1.4.tgz",
			"integrity": "sha512-346WJTBR10tZZJPTDw7l8e4HfA1rLJks07dEbTVlHlIz7M/DD9cAFUTVOOQJvtCPxD8PLqWIX+lN7aSWB8kftw==",
			"requires": {
				"escodegen": "^1.14.3",
				"to-ast": "^1.0.0",
				"vue-docgen-api": "^4.26.0"
			}
		},
		"@quasar/extras": {
			"version": "1.8.2",
			"resolved": "https://registry.npmjs.org/@quasar/extras/-/extras-1.8.2.tgz",
			"integrity": "sha512-y3A4OO4DGDxuFyh/X4k5fS17TTxhpPauZv8Qr/0bso+RTk5f+3X4lLAcP7aaiqcBLOV8HsUKpGzNArMleClYgg=="
		},
		"@types/babel-types": {
			"version": "7.0.8",
			"resolved": "https://registry.npmjs.org/@types/babel-types/-/babel-types-7.0.8.tgz",
			"integrity": "sha512-jvu8g4LR7+p6ao30RhTREnEhHxmP4/R9D9/rOR/Kq14FztORty9SKgtOZUNZNMB9CXLxZ54EWu4dArUE8WdTsw=="
		},
		"@types/babylon": {
			"version": "6.16.5",
			"resolved": "https://registry.npmjs.org/@types/babylon/-/babylon-6.16.5.tgz",
			"integrity": "sha512-xH2e58elpj1X4ynnKp9qSnWlsRTIs6n3tgLGNfwAGHwePw0mulHQllV34n0T25uYSu1k0hRKkWXF890B1yS47w==",
			"requires": {
				"@types/babel-types": "*"
			}
		},
		"@types/json-schema": {
			"version": "7.0.5",
			"resolved": "https://registry.npmjs.org/@types/json-schema/-/json-schema-7.0.5.tgz",
			"integrity": "sha512-7+2BITlgjgDhH0vvwZU/HZJVyk+2XUlvxXe8dFMedNX/aMkaOq++rMAFXc0tM7ij15QaWlbdQASBR9dihi+bDQ=="
		},
		"@vue/composition-api": {
			"version": "0.6.7",
			"resolved": "https://registry.npmjs.org/@vue/composition-api/-/composition-api-0.6.7.tgz",
			"integrity": "sha512-WAWEQK4urEsMNe3OyOp7VnMmegRZT2yRB3fDGLRXPMdfuo4+nM+uMEhUgDiUg9LFSXfLWhjwuFOJ2hnS2X7AUw==",
			"requires": {
				"tslib": "^2.0.0"
			}
		},
		"acorn": {
			"version": "3.3.0",
			"resolved": "https://registry.npmjs.org/acorn/-/acorn-3.3.0.tgz",
			"integrity": "sha1-ReN/s56No/JbruP/U2niu18iAXo="
		},
		"acorn-globals": {
			"version": "3.1.0",
			"resolved": "https://registry.npmjs.org/acorn-globals/-/acorn-globals-3.1.0.tgz",
			"integrity": "sha1-/YJw9x+7SZawBPqIDuXUZXOnMb8=",
			"requires": {
				"acorn": "^4.0.4"
			},
			"dependencies": {
				"acorn": {
					"version": "4.0.13",
					"resolved": "https://registry.npmjs.org/acorn/-/acorn-4.0.13.tgz",
					"integrity": "sha1-EFSVrlNh1pe9GVyCUZLhrX8lN4c="
				}
			}
		},
		"ajv": {
			"version": "6.12.2",
			"resolved": "https://registry.npmjs.org/ajv/-/ajv-6.12.2.tgz",
			"integrity": "sha512-k+V+hzjm5q/Mr8ef/1Y9goCmlsK4I6Sm74teeyGvFk1XrOsbsKLjEdrvny42CZ+a8sXbk8KWpY/bDwS+FLL2UQ==",
			"requires": {
				"fast-deep-equal": "^3.1.1",
				"fast-json-stable-stringify": "^2.0.0",
				"json-schema-traverse": "^0.4.1",
				"uri-js": "^4.2.2"
			}
		},
		"ajv-keywords": {
			"version": "3.5.0",
			"resolved": "https://registry.npmjs.org/ajv-keywords/-/ajv-keywords-3.5.0.tgz",
			"integrity": "sha512-eyoaac3btgU8eJlvh01En8OCKzRqlLe2G5jDsCr3RiE2uLGMEEB1aaGwVVpwR8M95956tGH6R+9edC++OvzaVw=="
		},
		"align-text": {
			"version": "0.1.4",
			"resolved": "https://registry.npmjs.org/align-text/-/align-text-0.1.4.tgz",
			"integrity": "sha1-DNkKVhCT810KmSVsIrcGlDP60Rc=",
			"requires": {
				"kind-of": "^3.0.2",
				"longest": "^1.0.1",
				"repeat-string": "^1.5.2"
			}
		},
		"asap": {
			"version": "2.0.6",
			"resolved": "https://registry.npmjs.org/asap/-/asap-2.0.6.tgz",
			"integrity": "sha1-5QNHYR1+aQlDIIu9r+vLwvuGbUY="
		},
		"ast-types": {
			"version": "0.7.8",
			"resolved": "https://registry.npmjs.org/ast-types/-/ast-types-0.7.8.tgz",
			"integrity": "sha1-kC0uDWDQcb3NRtwRXhgJ7RHBOKk="
		},
		"babel-runtime": {
			"version": "6.26.0",
			"resolved": "https://registry.npmjs.org/babel-runtime/-/babel-runtime-6.26.0.tgz",
			"integrity": "sha1-llxwWGaOgrVde/4E/yM3vItWR/4=",
			"requires": {
				"core-js": "^2.4.0",
				"regenerator-runtime": "^0.11.0"
			},
			"dependencies": {
				"core-js": {
					"version": "2.6.11",
					"resolved": "https://registry.npmjs.org/core-js/-/core-js-2.6.11.tgz",
					"integrity": "sha512-5wjnpaT/3dV+XB4borEsnAYQchn00XSgTAWKDkEqv+K8KevjbzmofK6hfJ9TZIlpj2N0xQpazy7PiRQiWHqzWg=="
				}
			}
		},
		"babel-types": {
			"version": "6.26.0",
			"resolved": "https://registry.npmjs.org/babel-types/-/babel-types-6.26.0.tgz",
			"integrity": "sha1-o7Bz+Uq0nrb6Vc1lInozQ4BjJJc=",
			"requires": {
				"babel-runtime": "^6.26.0",
				"esutils": "^2.0.2",
				"lodash": "^4.17.4",
				"to-fast-properties": "^1.0.3"
			},
			"dependencies": {
				"to-fast-properties": {
					"version": "1.0.3",
					"resolved": "https://registry.npmjs.org/to-fast-properties/-/to-fast-properties-1.0.3.tgz",
					"integrity": "sha1-uDVx+k2MJbguIxsG46MFXeTKGkc="
				}
			}
		},
		"babylon": {
			"version": "6.18.0",
			"resolved": "https://registry.npmjs.org/babylon/-/babylon-6.18.0.tgz",
			"integrity": "sha512-q/UEjfGJ2Cm3oKV71DJz9d25TPnq5rhBVL2Q4fA5wcC3jcrdn7+SssEybFIxwAvvP+YCsCYNKughoF33GxgycQ=="
		},
		"big.js": {
			"version": "5.2.2",
			"resolved": "https://registry.npmjs.org/big.js/-/big.js-5.2.2.tgz",
			"integrity": "sha512-vyL2OymJxmarO8gxMr0mhChsO9QGwhynfuu4+MHTAW6czfq9humCB7rKpUjDd9YUiDPU4mzpyupFSvOClAwbmQ=="
		},
		"camelcase": {
			"version": "1.2.1",
			"resolved": "https://registry.npmjs.org/camelcase/-/camelcase-1.2.1.tgz",
			"integrity": "sha1-m7UwTS4LVmmLLHWLCKPqqdqlijk="
		},
		"case-anything": {
			"version": "1.1.1",
			"resolved": "https://registry.npmjs.org/case-anything/-/case-anything-1.1.1.tgz",
			"integrity": "sha512-n3Fc4DDtuyWnVrlJORlWaR8xPTaXXyQt+J3aTakDwEUo7RQxtM9E5qozocg5GjmhSrQENzg8avfRK0OgKjnclw=="
		},
		"center-align": {
			"version": "0.1.3",
			"resolved": "https://registry.npmjs.org/center-align/-/center-align-0.1.3.tgz",
			"integrity": "sha1-qg0yYptu6XIgBBHL1EYckHvCt60=",
			"requires": {
				"align-text": "^0.1.3",
				"lazy-cache": "^1.0.3"
			}
		},
		"character-parser": {
			"version": "2.2.0",
			"resolved": "https://registry.npmjs.org/character-parser/-/character-parser-2.2.0.tgz",
			"integrity": "sha1-x84o821LzZdE5f/CxfzeHHMmH8A=",
			"requires": {
				"is-regex": "^1.0.3"
			}
		},
		"clean-css": {
			"version": "4.2.3",
			"resolved": "https://registry.npmjs.org/clean-css/-/clean-css-4.2.3.tgz",
			"integrity": "sha512-VcMWDN54ZN/DS+g58HYL5/n4Zrqe8vHJpGA8KdgUXFU4fuP/aHNw8eld9SyEIyabIMJX/0RaY/fplOo5hYLSFA==",
			"requires": {
				"source-map": "~0.6.0"
			}
		},
		"clipboard": {
			"version": "2.0.6",
			"resolved": "https://registry.npmjs.org/clipboard/-/clipboard-2.0.6.tgz",
			"integrity": "sha512-g5zbiixBRk/wyKakSwCKd7vQXDjFnAMGHoEyBogG/bw9kTD9GvdAvaoRR1ALcEzt3pVKxZR0pViekPMIS0QyGg==",
			"optional": true,
			"requires": {
				"good-listener": "^1.2.2",
				"select": "^1.1.2",
				"tiny-emitter": "^2.0.0"
			}
		},
		"cliui": {
			"version": "2.1.0",
			"resolved": "https://registry.npmjs.org/cliui/-/cliui-2.1.0.tgz",
			"integrity": "sha1-S0dXYP+AJkx2LDoXGQMukcf+oNE=",
			"requires": {
				"center-align": "^0.1.1",
				"right-align": "^0.1.1",
				"wordwrap": "0.0.2"
			}
		},
		"commafy-anything": {
			"version": "1.1.3",
			"resolved": "https://registry.npmjs.org/commafy-anything/-/commafy-anything-1.1.3.tgz",
			"integrity": "sha512-bDSOvZwh7wQmeqQ/0kzXLeBou/9HKnzJZyEc6gGRBvUn4oLhCdmI3bQ4un82F9xr4lSI5VRjrx0bsLAVimh5xg=="
		},
		"constantinople": {
			"version": "3.1.2",
			"resolved": "https://registry.npmjs.org/constantinople/-/constantinople-3.1.2.tgz",
			"integrity": "sha512-yePcBqEFhLOqSBtwYOGGS1exHo/s1xjekXiinh4itpNQGCu4KA1euPh1fg07N2wMITZXQkBz75Ntdt1ctGZouw==",
			"requires": {
				"@types/babel-types": "^7.0.0",
				"@types/babylon": "^6.16.2",
				"babel-types": "^6.26.0",
				"babylon": "^6.18.0"
			}
		},
		"copy-anything": {
			"version": "1.6.0",
			"resolved": "https://registry.npmjs.org/copy-anything/-/copy-anything-1.6.0.tgz",
			"integrity": "sha512-ZEEDP2ciuSqBME5PfiiStiv51wdwTMC57c9+a+HWPuvJqR6VjhpaFccNbdzXtQdAfSDIS+ydQe6MTg1gbfDPOA==",
			"requires": {
				"is-what": "^3.6.0"
			}
		},
		"core-js": {
			"version": "3.6.5",
			"resolved": "https://registry.npmjs.org/core-js/-/core-js-3.6.5.tgz",
			"integrity": "sha512-vZVEEwZoIsI+vPEuoF9Iqf5H7/M3eeQqWlQnYa8FSKKePuYTf5MWnxb5SDAzCa60b3JBRS5g9b+Dq7b1y/RCrA=="
		},
		"de-indent": {
			"version": "1.0.2",
			"resolved": "https://registry.npmjs.org/de-indent/-/de-indent-1.0.2.tgz",
			"integrity": "sha1-sgOOhG3DO6pXlhKNCAS0VbjB4h0="
		},
		"decamelize": {
			"version": "1.2.0",
			"resolved": "https://registry.npmjs.org/decamelize/-/decamelize-1.2.0.tgz",
			"integrity": "sha1-9lNNFRSCabIDUue+4m9QH5oZEpA="
		},
		"deep-is": {
			"version": "0.1.3",
			"resolved": "https://registry.npmjs.org/deep-is/-/deep-is-0.1.3.tgz",
			"integrity": "sha1-s2nW+128E+7PUk+RsHD+7cNXzzQ="
		},
		"delegate": {
			"version": "3.2.0",
			"resolved": "https://registry.npmjs.org/delegate/-/delegate-3.2.0.tgz",
			"integrity": "sha512-IofjkYBZaZivn0V8nnsMJGBr4jVLxHDheKSW88PyxS5QC4Vo9ZbZVvhzlSxY87fVq3STR6r+4cGepyHkcWOQSw==",
			"optional": true
		},
		"doctypes": {
			"version": "1.1.0",
			"resolved": "https://registry.npmjs.org/doctypes/-/doctypes-1.1.0.tgz",
			"integrity": "sha1-6oCxBqh1OHdOijpKWv4pPeSJ4Kk="
		},
		"emojis-list": {
			"version": "3.0.0",
			"resolved": "https://registry.npmjs.org/emojis-list/-/emojis-list-3.0.0.tgz",
			"integrity": "sha512-/kyM18EfinwXZbno9FyUGeFh87KC8HRQBQGildHZbEuRyWFOmv1U10o9BBp8XVZDVNNuQKyIGIu5ZYAAXJ0V2Q=="
		},
		"escodegen": {
			"version": "1.14.3",
			"resolved": "https://registry.npmjs.org/escodegen/-/escodegen-1.14.3.tgz",
			"integrity": "sha512-qFcX0XJkdg+PB3xjZZG/wKSuT1PnQWx57+TVSjIMmILd2yC/6ByYElPwJnslDsuWuSAp4AwJGumarAAmJch5Kw==",
			"requires": {
				"esprima": "^4.0.1",
				"estraverse": "^4.2.0",
				"esutils": "^2.0.2",
				"optionator": "^0.8.1",
				"source-map": "~0.6.1"
			}
		},
		"esprima": {
			"version": "4.0.1",
			"resolved": "https://registry.npmjs.org/esprima/-/esprima-4.0.1.tgz",
			"integrity": "sha512-eGuFFw7Upda+g4p+QHvnW0RyTX/SVeJBDM/gCtMARO0cLuT2HcEKnTPvhjV6aGeqrCB/sbNop0Kszm0jsaWU4A=="
		},
		"estraverse": {
			"version": "4.3.0",
			"resolved": "https://registry.npmjs.org/estraverse/-/estraverse-4.3.0.tgz",
			"integrity": "sha512-39nnKffWz8xN1BU/2c79n9nB9HDzo0niYUqx6xyqUnyoAnQyyWpOTdZEeiCch8BBu515t4wp9ZmgVfVhn9EBpw=="
		},
		"esutils": {
			"version": "2.0.3",
			"resolved": "https://registry.npmjs.org/esutils/-/esutils-2.0.3.tgz",
			"integrity": "sha512-kVscqXk4OCp68SZ0dkgEKVi6/8ij300KBWTJq32P/dYeWTSwK41WyTxalN1eRmA5Z9UU/LX9D7FWSmV9SAYx6g=="
		},
		"fast-deep-equal": {
			"version": "3.1.3",
			"resolved": "https://registry.npmjs.org/fast-deep-equal/-/fast-deep-equal-3.1.3.tgz",
			"integrity": "sha512-f3qQ9oQy9j2AhBe/H9VC91wLmKBCCU/gDOnKNAYG5hswO7BLKj09Hc5HYNz9cGI++xlpDCIgDaitVs03ATR84Q=="
		},
		"fast-json-stable-stringify": {
			"version": "2.1.0",
			"resolved": "https://registry.npmjs.org/fast-json-stable-stringify/-/fast-json-stable-stringify-2.1.0.tgz",
			"integrity": "sha512-lhd/wF+Lk98HZoTCtlVraHtfh5XYijIjalXck7saUtuanSDyLMxnHhSXEDJqHxD7msR8D0uCmqlkwjCV8xvwHw=="
		},
		"fast-levenshtein": {
			"version": "2.0.6",
			"resolved": "https://registry.npmjs.org/fast-levenshtein/-/fast-levenshtein-2.0.6.tgz",
			"integrity": "sha1-PYpcZog6FqMMqGQ+hR8Zuqd5eRc="
		},
		"fast-sort": {
			"version": "2.2.0",
			"resolved": "https://registry.npmjs.org/fast-sort/-/fast-sort-2.2.0.tgz",
			"integrity": "sha512-W7zqnn2zsYoQA87FKmYtgOsbJohOrh7XrtZrCVHN5XZKqTBTv5UG+rSS3+iWbg/nepRQUOu+wnas8BwtK8kiCg=="
		},
		"filter-anything": {
			"version": "1.1.5",
			"resolved": "https://registry.npmjs.org/filter-anything/-/filter-anything-1.1.5.tgz",
			"integrity": "sha512-upMixYadKUG9uTuUDfpy0tlg9VSlyKxuqnNU/GdwIujDxJKSB57YovaBMElRrniOnCjIBJv70QRVvh5Jg3sC2A==",
			"requires": {
				"is-what": "^3.4.0"
			}
		},
		"flatten-anything": {
			"version": "1.4.1",
			"resolved": "https://registry.npmjs.org/flatten-anything/-/flatten-anything-1.4.1.tgz",
			"integrity": "sha512-FWBB52h5ecu5jVv9A8cf6Z5ogXgqedrsfbagpgjO0QhdoayPEu/so2EQCY9QBAunKPYWA/zQaOLn4nYlLzywdg==",
			"requires": {
				"filter-anything": "^1.1.4",
				"is-what": "^3.3.1"
			}
		},
		"good-listener": {
			"version": "1.2.2",
			"resolved": "https://registry.npmjs.org/good-listener/-/good-listener-1.2.2.tgz",
			"integrity": "sha1-1TswzfkxPf+33JoNR3CWqm0UXFA=",
			"optional": true,
			"requires": {
				"delegate": "^3.1.2"
			}
		},
		"has-symbols": {
			"version": "1.0.1",
			"resolved": "https://registry.npmjs.org/has-symbols/-/has-symbols-1.0.1.tgz",
			"integrity": "sha512-PLcsoqu++dmEIZB+6totNFKq/7Do+Z0u4oT0zKOJNl3lYK6vGwwu2hjHs+68OEZbTjiUE9bgOABXbP/GvrS0Kg=="
		},
		"hash-sum": {
			"version": "1.0.2",
			"resolved": "https://registry.npmjs.org/hash-sum/-/hash-sum-1.0.2.tgz",
			"integrity": "sha1-M7QHd3VMZDJXPBIMw4CLvRDUfwQ="
		},
		"he": {
			"version": "1.2.0",
			"resolved": "https://registry.npmjs.org/he/-/he-1.2.0.tgz",
			"integrity": "sha512-F/1DnUGPopORZi0ni+CvrCgHQ5FyEAHRLSApuYWMmrbSwoN2Mn/7k+Gl38gJnR7yyDZk6WLXwiGod1JOWNDKGw=="
		},
		"is-buffer": {
			"version": "1.1.6",
			"resolved": "https://registry.npmjs.org/is-buffer/-/is-buffer-1.1.6.tgz",
			"integrity": "sha512-NcdALwpXkTm5Zvvbk7owOUSvVvBKDgKP5/ewfXEznmQFfs4ZRmanOeKBTjRVjka3QFoN6XJ+9F3USqfHqTaU5w=="
		},
		"is-expression": {
			"version": "3.0.0",
			"resolved": "https://registry.npmjs.org/is-expression/-/is-expression-3.0.0.tgz",
			"integrity": "sha1-Oayqa+f9HzRx3ELHQW5hwkMXrJ8=",
			"requires": {
				"acorn": "~4.0.2",
				"object-assign": "^4.0.1"
			},
			"dependencies": {
				"acorn": {
					"version": "4.0.13",
					"resolved": "https://registry.npmjs.org/acorn/-/acorn-4.0.13.tgz",
					"integrity": "sha1-EFSVrlNh1pe9GVyCUZLhrX8lN4c="
				}
			}
		},
		"is-promise": {
			"version": "2.2.2",
			"resolved": "https://registry.npmjs.org/is-promise/-/is-promise-2.2.2.tgz",
			"integrity": "sha512-+lP4/6lKUBfQjZ2pdxThZvLUAafmZb8OAxFb8XXtiQmS35INgr85hdOGoEs124ez1FCnZJt6jau/T+alh58QFQ=="
		},
		"is-regex": {
			"version": "1.1.0",
			"resolved": "https://registry.npmjs.org/is-regex/-/is-regex-1.1.0.tgz",
			"integrity": "sha512-iI97M8KTWID2la5uYXlkbSDQIg4F6o1sYboZKKTDpnDQMLtUL86zxhgDet3Q2SriaYsyGqZ6Mn2SjbRKeLHdqw==",
			"requires": {
				"has-symbols": "^1.0.1"
			}
		},
		"is-what": {
			"version": "3.10.0",
			"resolved": "https://registry.npmjs.org/is-what/-/is-what-3.10.0.tgz",
			"integrity": "sha512-U4RYCXNOmATQHlOPlOCHCfXyKEFIPqvyaKDqYRuLbD6EYKcTTfc3YXkAYjzOVxO3zt34L+Wh2feIyWrYiZ7kng=="
		},
		"js-stringify": {
			"version": "1.0.2",
			"resolved": "https://registry.npmjs.org/js-stringify/-/js-stringify-1.0.2.tgz",
			"integrity": "sha1-Fzb939lyTyijaCrcYjCufk6Weds="
		},
		"json-schema-traverse": {
			"version": "0.4.1",
			"resolved": "https://registry.npmjs.org/json-schema-traverse/-/json-schema-traverse-0.4.1.tgz",
			"integrity": "sha512-xbbCH5dCYU5T8LcEhhuh7HJ88HXuW3qsI3Y0zOZFKfZEHcpWiHU/Jxzk629Brsab/mMiHQti9wMP+845RPe3Vg=="
		},
		"json5": {
			"version": "2.1.3",
			"resolved": "https://registry.npmjs.org/json5/-/json5-2.1.3.tgz",
			"integrity": "sha512-KXPvOm8K9IJKFM0bmdn8QXh7udDh1g/giieX0NLCaMnb4hEiVFqnop2ImTXCc5e0/oHz3LTqmHGtExn5hfMkOA==",
			"requires": {
				"minimist": "^1.2.5"
			}
		},
		"jstransformer": {
			"version": "1.0.0",
			"resolved": "https://registry.npmjs.org/jstransformer/-/jstransformer-1.0.0.tgz",
			"integrity": "sha1-7Yvwkh4vPx7U1cGkT2hwntJHIsM=",
			"requires": {
				"is-promise": "^2.0.0",
				"promise": "^7.0.1"
			}
		},
		"kind-of": {
			"version": "3.2.2",
			"resolved": "https://registry.npmjs.org/kind-of/-/kind-of-3.2.2.tgz",
			"integrity": "sha1-MeohpzS6ubuw8yRm2JOupR5KPGQ=",
			"requires": {
				"is-buffer": "^1.1.5"
			}
		},
		"lazy-cache": {
			"version": "1.0.4",
			"resolved": "https://registry.npmjs.org/lazy-cache/-/lazy-cache-1.0.4.tgz",
			"integrity": "sha1-odePw6UEdMuAhF07O24dpJpEbo4="
		},
		"levn": {
			"version": "0.3.0",
			"resolved": "https://registry.npmjs.org/levn/-/levn-0.3.0.tgz",
			"integrity": "sha1-OwmSTt+fCDwEkP3UwLxEIeBHZO4=",
			"requires": {
				"prelude-ls": "~1.1.2",
				"type-check": "~0.3.2"
			}
		},
		"loader-utils": {
			"version": "2.0.0",
			"resolved": "https://registry.npmjs.org/loader-utils/-/loader-utils-2.0.0.tgz",
			"integrity": "sha512-rP4F0h2RaWSvPEkD7BLDFQnvSf+nK+wr3ESUjNTyAGobqrijmW92zc+SO6d4p4B1wh7+B/Jg1mkQe5NYUEHtHQ==",
			"requires": {
				"big.js": "^5.2.2",
				"emojis-list": "^3.0.0",
				"json5": "^2.1.2"
			}
		},
		"lodash": {
			"version": "4.17.19",
			"resolved": "https://registry.npmjs.org/lodash/-/lodash-4.17.19.tgz",
			"integrity": "sha512-JNvd8XER9GQX0v2qJgsaN/mzFCNA5BRe/j8JN9d+tWyGLSodKQHKFicdwNYzWwI3wjRnaKPsGj1XkBjx/F96DQ=="
		},
		"longest": {
			"version": "1.0.1",
			"resolved": "https://registry.npmjs.org/longest/-/longest-1.0.1.tgz",
			"integrity": "sha1-MKCy2jj3N3DoKUoNIuZiXtd9AJc="
		},
		"lru-cache": {
			"version": "4.1.5",
			"resolved": "https://registry.npmjs.org/lru-cache/-/lru-cache-4.1.5.tgz",
			"integrity": "sha512-sWZlbEP2OsHNkXrMl5GYk/jKk70MBng6UU4YI/qGDYbgf6YbP4EvmqISbXCoJiRKs+1bSpFHVgQxvJ17F2li5g==",
			"requires": {
				"pseudomap": "^1.0.2",
				"yallist": "^2.1.2"
			}
		},
		"map-anything": {
			"version": "0.0.1",
			"resolved": "https://registry.npmjs.org/map-anything/-/map-anything-0.0.1.tgz",
			"integrity": "sha512-ya6k6rQ6mgMC84Zh3YoHyAOjF5kb2MpiPZR/jqEKWFdH6IZGvewHEsf4kEt92P1VyQvygZXLcbDrDiFh93WRbw=="
		},
		"merge-anything": {
			"version": "3.0.4",
			"resolved": "https://registry.npmjs.org/merge-anything/-/merge-anything-3.0.4.tgz",
			"integrity": "sha512-P/KCKyWsaIb0qRUWCYGgeyx3kqntZokkvRxvkkLIhCDCgD9KAaStavBipro4h4vHvlgCz5mXOmZhBDtQO3gMYw==",
			"requires": {
				"is-what": "^3.10.0",
				"ts-toolbelt": "^6.12.1"
			}
		},
		"minimist": {
			"version": "1.2.5",
			"resolved": "https://registry.npmjs.org/minimist/-/minimist-1.2.5.tgz",
			"integrity": "sha512-FM9nNUYrRBAELZQT3xeZQ7fmMOBg6nWNmJKTcgsJeaLstP/UODVpGsr5OhXhhXg6f+qtJ8uiZ+PUxkDWcgIXLw=="
		},
		"nestify-anything": {
			"version": "0.0.0",
			"resolved": "https://registry.npmjs.org/nestify-anything/-/nestify-anything-0.0.0.tgz",
			"integrity": "sha512-rF3ECHCb/28XO7YSyDsyf9fs7laegG4MwO/Nkf8fC+MTsYJ03b9cLfnk3TV2vCc6tOyVBzKo7h1Owd+NFbjeMA==",
			"requires": {
				"merge-anything": "^2.4.0"
			},
			"dependencies": {
				"merge-anything": {
					"version": "2.4.4",
					"resolved": "https://registry.npmjs.org/merge-anything/-/merge-anything-2.4.4.tgz",
					"integrity": "sha512-l5XlriUDJKQT12bH+rVhAHjwIuXWdAIecGwsYjv2LJo+dA1AeRTmeQS+3QBpO6lEthBMDi2IUMpLC1yyRvGlwQ==",
					"requires": {
						"is-what": "^3.3.1"
					}
				}
			}
		},
		"object-assign": {
			"version": "4.1.1",
			"resolved": "https://registry.npmjs.org/object-assign/-/object-assign-4.1.1.tgz",
			"integrity": "sha1-IQmtx5ZYh8/AXLvUQsrIv7s2CGM="
		},
		"optionator": {
			"version": "0.8.3",
			"resolved": "https://registry.npmjs.org/optionator/-/optionator-0.8.3.tgz",
			"integrity": "sha512-+IW9pACdk3XWmmTXG8m3upGUJst5XRGzxMRjXzAuJ1XnIFNvfhjjIuYkDvysnPQ7qzqVzLt78BCruntqRhWQbA==",
			"requires": {
				"deep-is": "~0.1.3",
				"fast-levenshtein": "~2.0.6",
				"levn": "~0.3.0",
				"prelude-ls": "~1.1.2",
				"type-check": "~0.3.2",
				"word-wrap": "~1.2.3"
			}
		},
		"path-parse": {
			"version": "1.0.6",
			"resolved": "https://registry.npmjs.org/path-parse/-/path-parse-1.0.6.tgz",
			"integrity": "sha512-GSmOT2EbHrINBf9SR7CDELwlJ8AENk3Qn7OikK4nFYAu3Ote2+JYNVvkpAEQm3/TLNEJFD/xZJjzyxg3KBWOzw=="
		},
		"planetar": {
			"version": "0.0.15",
			"resolved": "https://registry.npmjs.org/planetar/-/planetar-0.0.15.tgz",
			"integrity": "sha512-Lkl2yFd+bLDMEGmX9fPg5SGz5NAjdEFvi50f+ibIU3y6WBPReKtG6lxyPBGrbgGcGw8SdyRAayHiAYCBzBW8Nw==",
			"requires": {
				"@planetar/api-card": "^0.1.18",
				"@planetar/atoms": "^0.0.6",
				"@planetar/component-gallery": "^0.0.12",
				"@planetar/example-card": "^0.1.13"
			}
		},
		"prelude-ls": {
			"version": "1.1.2",
			"resolved": "https://registry.npmjs.org/prelude-ls/-/prelude-ls-1.1.2.tgz",
			"integrity": "sha1-IZMqVJ9eUv/ZqCf1cOBL5iqX2lQ="
		},
		"prismjs": {
			"version": "1.20.0",
			"resolved": "https://registry.npmjs.org/prismjs/-/prismjs-1.20.0.tgz",
			"integrity": "sha512-AEDjSrVNkynnw6A+B1DsFkd6AVdTnp+/WoUixFRULlCLZVRZlVQMVWio/16jv7G1FscUxQxOQhWwApgbnxr6kQ==",
			"requires": {
				"clipboard": "^2.0.0"
			}
		},
		"private": {
			"version": "0.1.8",
			"resolved": "https://registry.npmjs.org/private/-/private-0.1.8.tgz",
			"integrity": "sha512-VvivMrbvd2nKkiG38qjULzlc+4Vx4wm/whI9pQD35YrARNnhxeiRktSOhSukRLFNlzg6Br/cJPet5J/u19r/mg=="
		},
		"promise": {
			"version": "7.3.1",
			"resolved": "https://registry.npmjs.org/promise/-/promise-7.3.1.tgz",
			"integrity": "sha512-nolQXZ/4L+bP/UGlkfaIujX9BKxGwmQ9OT4mOt5yvy8iK1h3wqTEJCijzGANTCCl9nWjY41juyAn2K3Q1hLLTg==",
			"requires": {
				"asap": "~2.0.3"
			}
		},
		"pseudomap": {
			"version": "1.0.2",
			"resolved": "https://registry.npmjs.org/pseudomap/-/pseudomap-1.0.2.tgz",
			"integrity": "sha1-8FKijacOYYkX7wqKw0wa5aaChrM="
		},
		"pug": {
			"version": "2.0.4",
			"resolved": "https://registry.npmjs.org/pug/-/pug-2.0.4.tgz",
			"integrity": "sha512-XhoaDlvi6NIzL49nu094R2NA6P37ijtgMDuWE+ofekDChvfKnzFal60bhSdiy8y2PBO6fmz3oMEIcfpBVRUdvw==",
			"requires": {
				"pug-code-gen": "^2.0.2",
				"pug-filters": "^3.1.1",
				"pug-lexer": "^4.1.0",
				"pug-linker": "^3.0.6",
				"pug-load": "^2.0.12",
				"pug-parser": "^5.0.1",
				"pug-runtime": "^2.0.5",
				"pug-strip-comments": "^1.0.4"
			}
		},
		"pug-attrs": {
			"version": "2.0.4",
			"resolved": "https://registry.npmjs.org/pug-attrs/-/pug-attrs-2.0.4.tgz",
			"integrity": "sha512-TaZ4Z2TWUPDJcV3wjU3RtUXMrd3kM4Wzjbe3EWnSsZPsJ3LDI0F3yCnf2/W7PPFF+edUFQ0HgDL1IoxSz5K8EQ==",
			"requires": {
				"constantinople": "^3.0.1",
				"js-stringify": "^1.0.1",
				"pug-runtime": "^2.0.5"
			}
		},
		"pug-code-gen": {
			"version": "2.0.2",
			"resolved": "https://registry.npmjs.org/pug-code-gen/-/pug-code-gen-2.0.2.tgz",
			"integrity": "sha512-kROFWv/AHx/9CRgoGJeRSm+4mLWchbgpRzTEn8XCiwwOy6Vh0gAClS8Vh5TEJ9DBjaP8wCjS3J6HKsEsYdvaCw==",
			"requires": {
				"constantinople": "^3.1.2",
				"doctypes": "^1.1.0",
				"js-stringify": "^1.0.1",
				"pug-attrs": "^2.0.4",
				"pug-error": "^1.3.3",
				"pug-runtime": "^2.0.5",
				"void-elements": "^2.0.1",
				"with": "^5.0.0"
			}
		},
		"pug-error": {
			"version": "1.3.3",
			"resolved": "https://registry.npmjs.org/pug-error/-/pug-error-1.3.3.tgz",
			"integrity": "sha512-qE3YhESP2mRAWMFJgKdtT5D7ckThRScXRwkfo+Erqga7dyJdY3ZquspprMCj/9sJ2ijm5hXFWQE/A3l4poMWiQ=="
		},
		"pug-filters": {
			"version": "3.1.1",
			"resolved": "https://registry.npmjs.org/pug-filters/-/pug-filters-3.1.1.tgz",
			"integrity": "sha512-lFfjNyGEyVWC4BwX0WyvkoWLapI5xHSM3xZJFUhx4JM4XyyRdO8Aucc6pCygnqV2uSgJFaJWW3Ft1wCWSoQkQg==",
			"requires": {
				"clean-css": "^4.1.11",
				"constantinople": "^3.0.1",
				"jstransformer": "1.0.0",
				"pug-error": "^1.3.3",
				"pug-walk": "^1.1.8",
				"resolve": "^1.1.6",
				"uglify-js": "^2.6.1"
			}
		},
		"pug-lexer": {
			"version": "4.1.0",
			"resolved": "https://registry.npmjs.org/pug-lexer/-/pug-lexer-4.1.0.tgz",
			"integrity": "sha512-i55yzEBtjm0mlplW4LoANq7k3S8gDdfC6+LThGEvsK4FuobcKfDAwt6V4jKPH9RtiE3a2Akfg5UpafZ1OksaPA==",
			"requires": {
				"character-parser": "^2.1.1",
				"is-expression": "^3.0.0",
				"pug-error": "^1.3.3"
			}
		},
		"pug-linker": {
			"version": "3.0.6",
			"resolved": "https://registry.npmjs.org/pug-linker/-/pug-linker-3.0.6.tgz",
			"integrity": "sha512-bagfuHttfQOpANGy1Y6NJ+0mNb7dD2MswFG2ZKj22s8g0wVsojpRlqveEQHmgXXcfROB2RT6oqbPYr9EN2ZWzg==",
			"requires": {
				"pug-error": "^1.3.3",
				"pug-walk": "^1.1.8"
			}
		},
		"pug-load": {
			"version": "2.0.12",
			"resolved": "https://registry.npmjs.org/pug-load/-/pug-load-2.0.12.tgz",
			"integrity": "sha512-UqpgGpyyXRYgJs/X60sE6SIf8UBsmcHYKNaOccyVLEuT6OPBIMo6xMPhoJnqtB3Q3BbO4Z3Bjz5qDsUWh4rXsg==",
			"requires": {
				"object-assign": "^4.1.0",
				"pug-walk": "^1.1.8"
			}
		},
		"pug-parser": {
			"version": "5.0.1",
			"resolved": "https://registry.npmjs.org/pug-parser/-/pug-parser-5.0.1.tgz",
			"integrity": "sha512-nGHqK+w07p5/PsPIyzkTQfzlYfuqoiGjaoqHv1LjOv2ZLXmGX1O+4Vcvps+P4LhxZ3drYSljjq4b+Naid126wA==",
			"requires": {
				"pug-error": "^1.3.3",
				"token-stream": "0.0.1"
			}
		},
		"pug-runtime": {
			"version": "2.0.5",
			"resolved": "https://registry.npmjs.org/pug-runtime/-/pug-runtime-2.0.5.tgz",
			"integrity": "sha512-P+rXKn9un4fQY77wtpcuFyvFaBww7/91f3jHa154qU26qFAnOe6SW1CbIDcxiG5lLK9HazYrMCCuDvNgDQNptw=="
		},
		"pug-strip-comments": {
			"version": "1.0.4",
			"resolved": "https://registry.npmjs.org/pug-strip-comments/-/pug-strip-comments-1.0.4.tgz",
			"integrity": "sha512-i5j/9CS4yFhSxHp5iKPHwigaig/VV9g+FgReLJWWHEHbvKsbqL0oP/K5ubuLco6Wu3Kan5p7u7qk8A4oLLh6vw==",
			"requires": {
				"pug-error": "^1.3.3"
			}
		},
		"pug-walk": {
			"version": "1.1.8",
			"resolved": "https://registry.npmjs.org/pug-walk/-/pug-walk-1.1.8.tgz",
			"integrity": "sha512-GMu3M5nUL3fju4/egXwZO0XLi6fW/K3T3VTgFQ14GxNi8btlxgT5qZL//JwZFm/2Fa64J/PNS8AZeys3wiMkVA=="
		},
		"punycode": {
			"version": "2.1.1",
			"resolved": "https://registry.npmjs.org/punycode/-/punycode-2.1.1.tgz",
			"integrity": "sha512-XRsRjdf+j5ml+y/6GKHPZbrF/8p2Yga0JPtdqTIY2Xe5ohJPD9saDJJLPvp9+NSBprVvevdXZybnj2cv8OEd0A=="
		},
		"quasar": {
			"version": "1.12.8",
			"resolved": "https://registry.npmjs.org/quasar/-/quasar-1.12.8.tgz",
			"integrity": "sha512-IUcug03OuYSiNiggksQzS8MNorQxR6QJTiuDHsMPLRS63BUBmI8YYq+xADkZm2E2z2xwS1SnyDbX8ceU+shYXQ=="
		},
		"quasar-ui-easy-forms": {
			"version": "2.3.4",
			"resolved": "https://registry.npmjs.org/quasar-ui-easy-forms/-/quasar-ui-easy-forms-2.3.4.tgz",
			"integrity": "sha512-vP8qhcBVCe9UYkM5vWmBMW5CGCR+hO+Gl/L4AF+qwc9quRAj6+qiKcDIkuaeetbex0CRUAWNgN/l7buwYmd9rg==",
			"requires": {
				"@vue/composition-api": "^0.3.4",
				"case-anything": "0.0.1",
				"commafy-anything": "^1.1.3",
				"copy-anything": "^1.6.0",
				"flatten-anything": "^1.4.1",
				"is-what": "^3.8.0",
				"merge-anything": "^2.4.4",
				"nestify-anything": "0.0.0",
				"snarkdown": "^1.2.2"
			},
			"dependencies": {
				"@vue/composition-api": {
					"version": "0.3.4",
					"resolved": "https://registry.npmjs.org/@vue/composition-api/-/composition-api-0.3.4.tgz",
					"integrity": "sha512-aMbg/pEk0PSQAIFyWWLqbAmaCCTx1kFq+49KZslIBJH9Wqos7eEPLtMv4gGxd/EcciBIgfbtUXaXGg/O3mheRA==",
					"requires": {
						"tslib": "^1.9.3"
					}
				},
				"case-anything": {
					"version": "0.0.1",
					"resolved": "https://registry.npmjs.org/case-anything/-/case-anything-0.0.1.tgz",
					"integrity": "sha512-M7SiPEpDmi57gcybYtX85u17jGRWpvphnS6gWUgNFg8TKPEM1xW8J5gEpHHsPcio27iybLYuj67oGIEcDDxnag=="
				},
				"merge-anything": {
					"version": "2.4.4",
					"resolved": "https://registry.npmjs.org/merge-anything/-/merge-anything-2.4.4.tgz",
					"integrity": "sha512-l5XlriUDJKQT12bH+rVhAHjwIuXWdAIecGwsYjv2LJo+dA1AeRTmeQS+3QBpO6lEthBMDi2IUMpLC1yyRvGlwQ==",
					"requires": {
						"is-what": "^3.3.1"
					}
				},
				"tslib": {
					"version": "1.13.0",
					"resolved": "https://registry.npmjs.org/tslib/-/tslib-1.13.0.tgz",
					"integrity": "sha512-i/6DQjL8Xf3be4K/E6Wgpekn5Qasl1usyw++dAA35Ue5orEn65VIxOA+YvNNl9HV3qv70T7CNwjODHZrLwvd1Q=="
				}
			}
		},
		"raw-loader": {
			"version": "4.0.1",
			"resolved": "https://registry.npmjs.org/raw-loader/-/raw-loader-4.0.1.tgz",
			"integrity": "sha512-baolhQBSi3iNh1cglJjA0mYzga+wePk7vdEX//1dTFd+v4TsQlQE0jitJSNF1OIP82rdYulH7otaVmdlDaJ64A==",
			"requires": {
				"loader-utils": "^2.0.0",
				"schema-utils": "^2.6.5"
			}
		},
		"recast": {
			"version": "0.17.6",
			"resolved": "https://registry.npmjs.org/recast/-/recast-0.17.6.tgz",
			"integrity": "sha512-yoQRMRrK1lszNtbkGyM4kN45AwylV5hMiuEveUBlxytUViWevjvX6w+tzJt1LH4cfUhWt4NZvy3ThIhu6+m5wQ==",
			"requires": {
				"ast-types": "0.12.4",
				"esprima": "~4.0.0",
				"private": "^0.1.8",
				"source-map": "~0.6.1"
			},
			"dependencies": {
				"ast-types": {
					"version": "0.12.4",
					"resolved": "https://registry.npmjs.org/ast-types/-/ast-types-0.12.4.tgz",
					"integrity": "sha512-ky/YVYCbtVAS8TdMIaTiPFHwEpRB5z1hctepJplTr3UW5q8TDrpIMCILyk8pmLxGtn2KCtC/lSn7zOsaI7nzDw=="
				}
			}
		},
		"regenerator-runtime": {
			"version": "0.11.1",
			"resolved": "https://registry.npmjs.org/regenerator-runtime/-/regenerator-runtime-0.11.1.tgz",
			"integrity": "sha512-MguG95oij0fC3QV3URf4V2SDYGJhJnJGqvIIgdECeODCT98wSWDAJ94SSuVpYQUoTcGUIL6L4yNB7j1DFFHSBg=="
		},
		"repeat-string": {
			"version": "1.6.1",
			"resolved": "https://registry.npmjs.org/repeat-string/-/repeat-string-1.6.1.tgz",
			"integrity": "sha1-jcrkcOHIirwtYA//Sndihtp15jc="
		},
		"resolve": {
			"version": "1.17.0",
			"resolved": "https://registry.npmjs.org/resolve/-/resolve-1.17.0.tgz",
			"integrity": "sha512-ic+7JYiV8Vi2yzQGFWOkiZD5Z9z7O2Zhm9XMaTxdJExKasieFCr+yXZ/WmXsckHiKl12ar0y6XiXDx3m4RHn1w==",
			"requires": {
				"path-parse": "^1.0.6"
			}
		},
		"right-align": {
			"version": "0.1.3",
			"resolved": "https://registry.npmjs.org/right-align/-/right-align-0.1.3.tgz",
			"integrity": "sha1-YTObci/mo1FWiSENJOFMlhSGE+8=",
			"requires": {
				"align-text": "^0.1.1"
			}
		},
		"schema-utils": {
			"version": "2.7.0",
			"resolved": "https://registry.npmjs.org/schema-utils/-/schema-utils-2.7.0.tgz",
			"integrity": "sha512-0ilKFI6QQF5nxDZLFn2dMjvc4hjg/Wkg7rHd3jK6/A4a1Hl9VFdQWvgB1UMGoU94pad1P/8N7fMcEnLnSiju8A==",
			"requires": {
				"@types/json-schema": "^7.0.4",
				"ajv": "^6.12.2",
				"ajv-keywords": "^3.4.1"
			}
		},
		"select": {
			"version": "1.1.2",
			"resolved": "https://registry.npmjs.org/select/-/select-1.1.2.tgz",
			"integrity": "sha1-DnNQrN7ICxEIUoeG7B1EGNEbOW0=",
			"optional": true
		},
		"snarkdown": {
			"version": "1.2.2",
			"resolved": "https://registry.npmjs.org/snarkdown/-/snarkdown-1.2.2.tgz",
			"integrity": "sha1-DP4vMBK4BN4SD8DJ93kehpxZzHQ="
		},
		"source-map": {
			"version": "0.6.1",
			"resolved": "https://registry.npmjs.org/source-map/-/source-map-0.6.1.tgz",
			"integrity": "sha512-UjgapumWlbMhkBgzT7Ykc5YXUT46F0iKu8SGXq0bcwP5dz/h0Plj6enJqjz1Zbq2l5WaqYnrVbwWOWMyF3F47g=="
		},
		"tiny-emitter": {
			"version": "2.1.0",
			"resolved": "https://registry.npmjs.org/tiny-emitter/-/tiny-emitter-2.1.0.tgz",
			"integrity": "sha512-NB6Dk1A9xgQPMoGqC5CVXn123gWyte215ONT5Pp5a0yt4nlEoO1ZWeCwpncaekPHXO60i47ihFnZPiRPjRMq4Q==",
			"optional": true
		},
		"to-ast": {
			"version": "1.0.0",
			"resolved": "https://registry.npmjs.org/to-ast/-/to-ast-1.0.0.tgz",
			"integrity": "sha1-DEoxyMmO396arwGSx5S0yLEe4oc=",
			"requires": {
				"ast-types": "^0.7.2",
				"esprima": "^2.1.0"
			},
			"dependencies": {
				"esprima": {
					"version": "2.7.3",
					"resolved": "https://registry.npmjs.org/esprima/-/esprima-2.7.3.tgz",
					"integrity": "sha1-luO3DVd59q1JzQMmc9HDEnZ7pYE="
				}
			}
		},
		"to-fast-properties": {
			"version": "2.0.0",
			"resolved": "https://registry.npmjs.org/to-fast-properties/-/to-fast-properties-2.0.0.tgz",
			"integrity": "sha1-3F5pjL0HkmW8c+A3doGk5Og/YW4="
		},
		"token-stream": {
			"version": "0.0.1",
			"resolved": "https://registry.npmjs.org/token-stream/-/token-stream-0.0.1.tgz",
			"integrity": "sha1-zu78cXp2xDFvEm0LnbqlXX598Bo="
		},
		"ts-map": {
			"version": "1.0.3",
			"resolved": "https://registry.npmjs.org/ts-map/-/ts-map-1.0.3.tgz",
			"integrity": "sha512-vDWbsl26LIcPGmDpoVzjEP6+hvHZkBkLW7JpvwbCv/5IYPJlsbzCVXY3wsCeAxAUeTclNOUZxnLdGh3VBD/J6w=="
		},
		"ts-toolbelt": {
			"version": "6.13.6",
			"resolved": "https://registry.npmjs.org/ts-toolbelt/-/ts-toolbelt-6.13.6.tgz",
			"integrity": "sha512-qqIexrhqCNOuSRCrJMOKor8UJxA4DYMB6fNpBmRAKJgmLXNj8TAiuCrs7Nm08fva+MEdQhEXmsnjBQarNSIWZg=="
		},
		"tslib": {
			"version": "2.0.0",
			"resolved": "https://registry.npmjs.org/tslib/-/tslib-2.0.0.tgz",
			"integrity": "sha512-lTqkx847PI7xEDYJntxZH89L2/aXInsyF2luSafe/+0fHOMjlBNXdH6th7f70qxLDhul7KZK0zC8V5ZIyHl0/g=="
		},
		"type-check": {
			"version": "0.3.2",
			"resolved": "https://registry.npmjs.org/type-check/-/type-check-0.3.2.tgz",
			"integrity": "sha1-WITKtRLPHTVeP7eE8wgEsrUg23I=",
			"requires": {
				"prelude-ls": "~1.1.2"
			}
		},
		"uglify-js": {
			"version": "2.8.29",
			"resolved": "https://registry.npmjs.org/uglify-js/-/uglify-js-2.8.29.tgz",
			"integrity": "sha1-KcVzMUgFe7Th913zW3qcty5qWd0=",
			"requires": {
				"source-map": "~0.5.1",
				"uglify-to-browserify": "~1.0.0",
				"yargs": "~3.10.0"
			},
			"dependencies": {
				"source-map": {
					"version": "0.5.7",
					"resolved": "https://registry.npmjs.org/source-map/-/source-map-0.5.7.tgz",
					"integrity": "sha1-igOdLRAh0i0eoUyA2OpGi6LvP8w="
				}
			}
		},
		"uglify-to-browserify": {
			"version": "1.0.2",
			"resolved": "https://registry.npmjs.org/uglify-to-browserify/-/uglify-to-browserify-1.0.2.tgz",
			"integrity": "sha1-bgkk1r2mta/jSeOabWMoUKD4grc=",
			"optional": true
		},
		"uri-js": {
			"version": "4.2.2",
			"resolved": "https://registry.npmjs.org/uri-js/-/uri-js-4.2.2.tgz",
			"integrity": "sha512-KY9Frmirql91X2Qgjry0Wd4Y+YTdrdZheS8TFwvkbLWf/G5KNJDCh6pKL5OZctEW4+0Baa5idK2ZQuELRwPznQ==",
			"requires": {
				"punycode": "^2.1.0"
			}
		},
		"void-elements": {
			"version": "2.0.1",
			"resolved": "https://registry.npmjs.org/void-elements/-/void-elements-2.0.1.tgz",
			"integrity": "sha1-wGavtYK7HLQSjWDqkjkulNXp2+w="
		},
		"vue-docgen-api": {
			"version": "4.26.0",
			"resolved": "https://registry.npmjs.org/vue-docgen-api/-/vue-docgen-api-4.26.0.tgz",
			"integrity": "sha512-uJbmLup5NHukMUecMJiKgjLPdPIFDjlCFwOGX107S5gdlb+c/rd4ihOvWRAuVEBiUXWFxHJ12DZxCX1/UJGPcQ==",
			"requires": {
				"@babel/parser": "^7.6.0",
				"@babel/types": "^7.6.0",
				"ast-types": "^0.12.2",
				"hash-sum": "^1.0.2",
				"lru-cache": "^4.1.5",
				"pug": "^2.0.3",
				"recast": "^0.17.3",
				"ts-map": "^1.0.3",
				"vue-template-compiler": "^2.0.0"
			},
			"dependencies": {
				"ast-types": {
					"version": "0.12.4",
					"resolved": "https://registry.npmjs.org/ast-types/-/ast-types-0.12.4.tgz",
					"integrity": "sha512-ky/YVYCbtVAS8TdMIaTiPFHwEpRB5z1hctepJplTr3UW5q8TDrpIMCILyk8pmLxGtn2KCtC/lSn7zOsaI7nzDw=="
				}
			}
		},
		"vue-template-compiler": {
			"version": "2.6.11",
			"resolved": "https://registry.npmjs.org/vue-template-compiler/-/vue-template-compiler-2.6.11.tgz",
			"integrity": "sha512-KIq15bvQDrcCjpGjrAhx4mUlyyHfdmTaoNfeoATHLAiWB+MU3cx4lOzMwrnUh9cCxy0Lt1T11hAFY6TQgroUAA==",
			"requires": {
				"de-indent": "^1.0.2",
				"he": "^1.1.0"
			}
		},
		"window-size": {
			"version": "0.1.0",
			"resolved": "https://registry.npmjs.org/window-size/-/window-size-0.1.0.tgz",
			"integrity": "sha1-VDjNLqk7IC76Ohn+iIeu58lPnJ0="
		},
		"with": {
			"version": "5.1.1",
			"resolved": "https://registry.npmjs.org/with/-/with-5.1.1.tgz",
			"integrity": "sha1-+k2qktrzLE6pTtRTyB8EaGtXXf4=",
			"requires": {
				"acorn": "^3.1.0",
				"acorn-globals": "^3.0.0"
			}
		},
		"word-wrap": {
			"version": "1.2.3",
			"resolved": "https://registry.npmjs.org/word-wrap/-/word-wrap-1.2.3.tgz",
			"integrity": "sha512-Hz/mrNwitNRh/HUAtM/VT/5VH+ygD6DV7mYKZAtHOrbs8U7lvPS6xf7EJKMF0uW1KJCl0H701g3ZGus+muE5vQ=="
		},
		"wordwrap": {
			"version": "0.0.2",
			"resolved": "https://registry.npmjs.org/wordwrap/-/wordwrap-0.0.2.tgz",
			"integrity": "sha1-t5Zpu0LstAn4PVg8rVLKF+qhZD8="
		},
		"yallist": {
			"version": "2.1.2",
			"resolved": "https://registry.npmjs.org/yallist/-/yallist-2.1.2.tgz",
			"integrity": "sha1-HBH5IY8HYImkfdUS+TxmmaaoHVI="
		},
		"yargs": {
			"version": "3.10.0",
			"resolved": "https://registry.npmjs.org/yargs/-/yargs-3.10.0.tgz",
			"integrity": "sha1-9+572FfdfB0tOMDnTvvWgdFDH9E=",
			"requires": {
				"camelcase": "^1.0.2",
				"cliui": "^2.1.0",
				"decamelize": "^1.0.0",
				"window-size": "0.1.0"
			}
		}
	}
}
