{
	"name": "pepicons.com",
	"version": "0.0.2",
	"lockfileVersion": 1,
	"requires": true,
	"dependencies": {
		"@quasar/extras": {
			"version": "1.8.2",
			"resolved": "https://registry.npmjs.org/@quasar/extras/-/extras-1.8.2.tgz",
			"integrity": "sha512-y3A4OO4DGDxuFyh/X4k5fS17TTxhpPauZv8Qr/0bso+RTk5f+3X4lLAcP7aaiqcBLOV8HsUKpGzNArMleClYgg=="
		},
		"@vue/composition-api": {
			"version": "0.6.7",
			"resolved": "https://registry.npmjs.org/@vue/composition-api/-/composition-api-0.6.7.tgz",
			"integrity": "sha512-WAWEQK4urEsMNe3OyOp7VnMmegRZT2yRB3fDGLRXPMdfuo4+nM+uMEhUgDiUg9LFSXfLWhjwuFOJ2hnS2X7AUw==",
			"requires": {
				"tslib": "^2.0.0"
			}
		},
		"core-js": {
			"version": "3.6.5",
			"resolved": "https://registry.npmjs.org/core-js/-/core-js-3.6.5.tgz",
			"integrity": "sha512-vZVEEwZoIsI+vPEuoF9Iqf5H7/M3eeQqWlQnYa8FSKKePuYTf5MWnxb5SDAzCa60b3JBRS5g9b+Dq7b1y/RCrA=="
		},
		"quasar": {
			"version": "1.12.8",
			"resolved": "https://registry.npmjs.org/quasar/-/quasar-1.12.8.tgz",
			"integrity": "sha512-IUcug03OuYSiNiggksQzS8MNorQxR6QJTiuDHsMPLRS63BUBmI8YYq+xADkZm2E2z2xwS1SnyDbX8ceU+shYXQ=="
		},
		"tslib": {
			"version": "2.0.0",
			"resolved": "https://registry.npmjs.org/tslib/-/tslib-2.0.0.tgz",
			"integrity": "sha512-lTqkx847PI7xEDYJntxZH89L2/aXInsyF2luSafe/+0fHOMjlBNXdH6th7f70qxLDhul7KZK0zC8V5ZIyHl0/g=="
		}
	}
}
